
Microsoft Visual Studio Solution File, Format Version 12.00
# Visual Studio Version 17
VisualStudioVersion = 17.2.32602.215
MinimumVisualStudioVersion = 10.0.40219.1
Project("{FAE04EC0-301F-11D3-BF4B-00C04F79EFBC}") = "csharp-assignment2", "csharp-assignment2\csharp-assignment2.csproj", "{A57919B0-B6E7-4DBF-B206-532EE994F5EC}"
EndProject
Global
	GlobalSection(SolutionConfigurationPlatforms) = preSolution
		Debug|Any CPU = Debug|Any CPU
		Release|Any CPU = Release|Any CPU
	EndGlobalSection
	GlobalSection(ProjectConfigurationPlatforms) = postSolution
		{A57919B0-B6E7-4DBF-B206-532EE994F5EC}.Debug|Any CPU.ActiveCfg = Debug|Any CPU
		{A57919B0-B6E7-4DBF-B206-532EE994F5EC}.Debug|Any CPU.Build.0 = Debug|Any CPU
		{A57919B0-B6E7-4DBF-B206-532EE994F5EC}.Release|Any CPU.ActiveCfg = Release|Any CPU
		{A57919B0-B6E7-4DBF-B206-532EE994F5EC}.Release|Any CPU.Build.0 = Release|Any CPU
	EndGlobalSection
	GlobalSection(SolutionProperties) = preSolution
		HideSolutionNode = FALSE
	EndGlobalSection
	GlobalSection(ExtensibilityGlobals) = postSolution
		SolutionGuid = {6EB69A6F-7409-46E4-8E94-30BB1D2B11A2}
	EndGlobalSection
EndGlobal
